// !$*UTF8*$!
{
	archiveVersion = 1;
	classes = {
	};
	objectVersion = 55;
	objects = {

/* Begin PBXBuildFile section */
		23030C1F281450A900628517 /* Extensions.swift in Sources */ = {isa = PBXBuildFile; fileRef = 23030C1E281450A900628517 /* Extensions.swift */; };
		23030C212814518600628517 /* FeedView.swift in Sources */ = {isa = PBXBuildFile; fileRef = 23030C202814518600628517 /* FeedView.swift */; };
		23030C232814546100628517 /* PostView.swift in Sources */ = {isa = PBXBuildFile; fileRef = 23030C222814546100628517 /* PostView.swift */; };
		23030C2628145BF300628517 /* PostModel.swift in Sources */ = {isa = PBXBuildFile; fileRef = 23030C2528145BF300628517 /* PostModel.swift */; };
		23030C2828145F9600628517 /* PostArrayObject.swift in Sources */ = {isa = PBXBuildFile; fileRef = 23030C2728145F9600628517 /* PostArrayObject.swift */; };
		23030C2A281464DE00628517 /* CommentsView.swift in Sources */ = {isa = PBXBuildFile; fileRef = 23030C29281464DE00628517 /* CommentsView.swift */; };
		23030C2C28149F6F00628517 /* MessageView.swift in Sources */ = {isa = PBXBuildFile; fileRef = 23030C2B28149F6F00628517 /* MessageView.swift */; };
		23030C2E2814A0A800628517 /* CommentModel.swift in Sources */ = {isa = PBXBuildFile; fileRef = 23030C2D2814A0A800628517 /* CommentModel.swift */; };
		23CFD6022814380100FE6054 /* DogGramApp.swift in Sources */ = {isa = PBXBuildFile; fileRef = 23CFD6012814380100FE6054 /* DogGramApp.swift */; };
		23CFD6042814380100FE6054 /* ContentView.swift in Sources */ = {isa = PBXBuildFile; fileRef = 23CFD6032814380100FE6054 /* ContentView.swift */; };
		23CFD6062814380300FE6054 /* Assets.xcassets in Resources */ = {isa = PBXBuildFile; fileRef = 23CFD6052814380300FE6054 /* Assets.xcassets */; };
		23CFD6092814380300FE6054 /* Preview Assets.xcassets in Resources */ = {isa = PBXBuildFile; fileRef = 23CFD6082814380300FE6054 /* Preview Assets.xcassets */; };
		23CFD61028143DD600FE6054 /* LaunchScreen.storyboard in Resources */ = {isa = PBXBuildFile; fileRef = 23CFD60F28143DD600FE6054 /* LaunchScreen.storyboard */; };
		23D1EC4E2815329500FF5ADA /* BrowseView.swift in Sources */ = {isa = PBXBuildFile; fileRef = 23D1EC4D2815329500FF5ADA /* BrowseView.swift */; };
		23D1EC50281533A300FF5ADA /* CarouselView.swift in Sources */ = {isa = PBXBuildFile; fileRef = 23D1EC4F281533A300FF5ADA /* CarouselView.swift */; };
		23D1EC522815447500FF5ADA /* ImageGridView.swift in Sources */ = {isa = PBXBuildFile; fileRef = 23D1EC512815447500FF5ADA /* ImageGridView.swift */; };
/* End PBXBuildFile section */

/* Begin PBXFileReference section */
		23030C1E281450A900628517 /* Extensions.swift */ = {isa = PBXFileReference; lastKnownFileType = sourcecode.swift; path = Extensions.swift; sourceTree = "<group>"; };
		23030C202814518600628517 /* FeedView.swift */ = {isa = PBXFileReference; lastKnownFileType = sourcecode.swift; path = FeedView.swift; sourceTree = "<group>"; };
		23030C222814546100628517 /* PostView.swift */ = {isa = PBXFileReference; lastKnownFileType = sourcecode.swift; path = PostView.swift; sourceTree = "<group>"; };
		23030C2528145BF300628517 /* PostModel.swift */ = {isa = PBXFileReference; lastKnownFileType = sourcecode.swift; path = PostModel.swift; sourceTree = "<group>"; };
		23030C2728145F9600628517 /* PostArrayObject.swift */ = {isa = PBXFileReference; lastKnownFileType = sourcecode.swift; path = PostArrayObject.swift; sourceTree = "<group>"; };
		23030C29281464DE00628517 /* CommentsView.swift */ = {isa = PBXFileReference; lastKnownFileType = sourcecode.swift; path = CommentsView.swift; sourceTree = "<group>"; };
		23030C2B28149F6F00628517 /* MessageView.swift */ = {isa = PBXFileReference; lastKnownFileType = sourcecode.swift; path = MessageView.swift; sourceTree = "<group>"; };
		23030C2D2814A0A800628517 /* CommentModel.swift */ = {isa = PBXFileReference; lastKnownFileType = sourcecode.swift; path = CommentModel.swift; sourceTree = "<group>"; };
		23CFD5FE2814380100FE6054 /* DogGram.app */ = {isa = PBXFileReference; explicitFileType = wrapper.application; includeInIndex = 0; path = DogGram.app; sourceTree = BUILT_PRODUCTS_DIR; };
		23CFD6012814380100FE6054 /* DogGramApp.swift */ = {isa = PBXFileReference; lastKnownFileType = sourcecode.swift; path = DogGramApp.swift; sourceTree = "<group>"; };
		23CFD6032814380100FE6054 /* ContentView.swift */ = {isa = PBXFileReference; explicitFileType = sourcecode.swift; name = ContentView.swift; path = DogGram/Views/Screens/ContentView.swift; sourceTree = SOURCE_ROOT; };
		23CFD6052814380300FE6054 /* Assets.xcassets */ = {isa = PBXFileReference; lastKnownFileType = folder.assetcatalog; path = Assets.xcassets; sourceTree = "<group>"; };
		23CFD6082814380300FE6054 /* Preview Assets.xcassets */ = {isa = PBXFileReference; lastKnownFileType = folder.assetcatalog; path = "Preview Assets.xcassets"; sourceTree = "<group>"; };
		23CFD60F28143DD600FE6054 /* LaunchScreen.storyboard */ = {isa = PBXFileReference; lastKnownFileType = file.storyboard; path = LaunchScreen.storyboard; sourceTree = "<group>"; };
		23D1EC4D2815329500FF5ADA /* BrowseView.swift */ = {isa = PBXFileReference; lastKnownFileType = sourcecode.swift; path = BrowseView.swift; sourceTree = "<group>"; };
		23D1EC4F281533A300FF5ADA /* CarouselView.swift */ = {isa = PBXFileReference; lastKnownFileType = sourcecode.swift; path = CarouselView.swift; sourceTree = "<group>"; };
		23D1EC512815447500FF5ADA /* ImageGridView.swift */ = {isa = PBXFileReference; lastKnownFileType = sourcecode.swift; path = ImageGridView.swift; sourceTree = "<group>"; };
/* End PBXFileReference section */

/* Begin PBXFrameworksBuildPhase section */
		23CFD5FB2814380100FE6054 /* Frameworks */ = {
			isa = PBXFrameworksBuildPhase;
			buildActionMask = 2147483647;
			files = (
			);
			runOnlyForDeploymentPostprocessing = 0;
		};
/* End PBXFrameworksBuildPhase section */

/* Begin PBXGroup section */
		23030C1D2814509000628517 /* Helpers */ = {
			isa = PBXGroup;
			children = (
				23030C1E281450A900628517 /* Extensions.swift */,
			);
			path = Helpers;
			sourceTree = "<group>";
		};
		23030C2428145BDF00628517 /* Model */ = {
			isa = PBXGroup;
			children = (
				23030C2528145BF300628517 /* PostModel.swift */,
				23030C2728145F9600628517 /* PostArrayObject.swift */,
				23030C2D2814A0A800628517 /* CommentModel.swift */,
			);
			path = Model;
			sourceTree = "<group>";
		};
		23CFD5F52814380100FE6054 = {
			isa = PBXGroup;
			children = (
				23CFD6002814380100FE6054 /* DogGram */,
				23CFD5FF2814380100FE6054 /* Products */,
			);
			sourceTree = "<group>";
		};
		23CFD5FF2814380100FE6054 /* Products */ = {
			isa = PBXGroup;
			children = (
				23CFD5FE2814380100FE6054 /* DogGram.app */,
			);
			name = Products;
			sourceTree = "<group>";
		};
		23CFD6002814380100FE6054 /* DogGram */ = {
			isa = PBXGroup;
			children = (
				23030C2428145BDF00628517 /* Model */,
				23030C1D2814509000628517 /* Helpers */,
				23CFD6112814452E00FE6054 /* Views */,
				23CFD6052814380300FE6054 /* Assets.xcassets */,
				23CFD6072814380300FE6054 /* Preview Content */,
				23CFD60F28143DD600FE6054 /* LaunchScreen.storyboard */,
			);
			path = DogGram;
			sourceTree = SOURCE_ROOT;
		};
		23CFD6072814380300FE6054 /* Preview Content */ = {
			isa = PBXGroup;
			children = (
				23CFD6082814380300FE6054 /* Preview Assets.xcassets */,
			);
			path = "Preview Content";
			sourceTree = "<group>";
		};
		23CFD6112814452E00FE6054 /* Views */ = {
			isa = PBXGroup;
			children = (
				23CFD6122814453800FE6054 /* Screens */,
				23CFD6132814453F00FE6054 /* Subviews */,
			);
			name = Views;
			path = DogGram/Views;
			sourceTree = SOURCE_ROOT;
		};
		23CFD6122814453800FE6054 /* Screens */ = {
			isa = PBXGroup;
			children = (
				23CFD6012814380100FE6054 /* DogGramApp.swift */,
				23CFD6032814380100FE6054 /* ContentView.swift */,
				23030C202814518600628517 /* FeedView.swift */,
				23030C29281464DE00628517 /* CommentsView.swift */,
				23D1EC4D2815329500FF5ADA /* BrowseView.swift */,
			);
			path = Screens;
			sourceTree = "<group>";
		};
		23CFD6132814453F00FE6054 /* Subviews */ = {
			isa = PBXGroup;
			children = (
				23030C222814546100628517 /* PostView.swift */,
				23030C2B28149F6F00628517 /* MessageView.swift */,
				23D1EC4F281533A300FF5ADA /* CarouselView.swift */,
				23D1EC512815447500FF5ADA /* ImageGridView.swift */,
			);
			path = Subviews;
			sourceTree = "<group>";
		};
/* End PBXGroup section */

/* Begin PBXNativeTarget section */
		23CFD5FD2814380100FE6054 /* DogGram */ = {
			isa = PBXNativeTarget;
			buildConfigurationList = 23CFD60C2814380300FE6054 /* Build configuration list for PBXNativeTarget "DogGram" */;
			buildPhases = (
				23CFD5FA2814380100FE6054 /* Sources */,
				23CFD5FB2814380100FE6054 /* Frameworks */,
				23CFD5FC2814380100FE6054 /* Resources */,
			);
			buildRules = (
			);
			dependencies = (
			);
			name = DogGram;
			productName = DogGram;
			productReference = 23CFD5FE2814380100FE6054 /* DogGram.app */;
			productType = "com.apple.product-type.application";
		};
/* End PBXNativeTarget section */

/* Begin PBXProject section */
		23CFD5F62814380100FE6054 /* Project object */ = {
			isa = PBXProject;
			attributes = {
				BuildIndependentTargetsInParallel = 1;
				LastSwiftUpdateCheck = 1330;
				LastUpgradeCheck = 1330;
				TargetAttributes = {
					23CFD5FD2814380100FE6054 = {
						CreatedOnToolsVersion = 13.3.1;
					};
				};
			};
			buildConfigurationList = 23CFD5F92814380100FE6054 /* Build configuration list for PBXProject "DogGram" */;
			compatibilityVersion = "Xcode 13.0";
			developmentRegion = en;
			hasScannedForEncodings = 0;
			knownRegions = (
				en,
				Base,
			);
			mainGroup = 23CFD5F52814380100FE6054;
			productRefGroup = 23CFD5FF2814380100FE6054 /* Products */;
			projectDirPath = "";
			projectRoot = "";
			targets = (
				23CFD5FD2814380100FE6054 /* DogGram */,
			);
		};
/* End PBXProject section */

/* Begin PBXResourcesBuildPhase section */
		23CFD5FC2814380100FE6054 /* Resources */ = {
			isa = PBXResourcesBuildPhase;
			buildActionMask = 2147483647;
			files = (
				23CFD61028143DD600FE6054 /* LaunchScreen.storyboard in Resources */,
				23CFD6092814380300FE6054 /* Preview Assets.xcassets in Resources */,
				23CFD6062814380300FE6054 /* Assets.xcassets in Resources */,
			);
			runOnlyForDeploymentPostprocessing = 0;
		};
/* End PBXResourcesBuildPhase section */

/* Begin PBXSourcesBuildPhase section */
		23CFD5FA2814380100FE6054 /* Sources */ = {
			isa = PBXSourcesBuildPhase;
			buildActionMask = 2147483647;
			files = (
				23030C212814518600628517 /* FeedView.swift in Sources */,
				23030C2628145BF300628517 /* PostModel.swift in Sources */,
				23CFD6042814380100FE6054 /* ContentView.swift in Sources */,
				23030C2C28149F6F00628517 /* MessageView.swift in Sources */,
				23030C1F281450A900628517 /* Extensions.swift in Sources */,
				23030C2828145F9600628517 /* PostArrayObject.swift in Sources */,
				23D1EC522815447500FF5ADA /* ImageGridView.swift in Sources */,
				23030C232814546100628517 /* PostView.swift in Sources */,
				23D1EC4E2815329500FF5ADA /* BrowseView.swift in Sources */,
				23030C2E2814A0A800628517 /* CommentModel.swift in Sources */,
				23030C2A281464DE00628517 /* CommentsView.swift in Sources */,
				23D1EC50281533A300FF5ADA /* CarouselView.swift in Sources */,
				23CFD6022814380100FE6054 /* DogGramApp.swift in Sources */,
			);
			runOnlyForDeploymentPostprocessing = 0;
		};
/* End PBXSourcesBuildPhase section */

/* Begin XCBuildConfiguration section */
		23CFD60A2814380300FE6054 /* Debug */ = {
			isa = XCBuildConfiguration;
			buildSettings = {
				ALWAYS_SEARCH_USER_PATHS = NO;
				CLANG_ANALYZER_NONNULL = YES;
				CLANG_ANALYZER_NUMBER_OBJECT_CONVERSION = YES_AGGRESSIVE;
				CLANG_CXX_LANGUAGE_STANDARD = "gnu++17";
				CLANG_ENABLE_MODULES = YES;
				CLANG_ENABLE_OBJC_ARC = YES;
				CLANG_ENABLE_OBJC_WEAK = YES;
				CLANG_WARN_BLOCK_CAPTURE_AUTORELEASING = YES;
				CLANG_WARN_BOOL_CONVERSION = YES;
				CLANG_WARN_COMMA = YES;
				CLANG_WARN_CONSTANT_CONVERSION = YES;
				CLANG_WARN_DEPRECATED_OBJC_IMPLEMENTATIONS = YES;
				CLANG_WARN_DIRECT_OBJC_ISA_USAGE = YES_ERROR;
				CLANG_WARN_DOCUMENTATION_COMMENTS = YES;
				CLANG_WARN_EMPTY_BODY = YES;
				CLANG_WARN_ENUM_CONVERSION = YES;
				CLANG_WARN_INFINITE_RECURSION = YES;
				CLANG_WARN_INT_CONVERSION = YES;
				CLANG_WARN_NON_LITERAL_NULL_CONVERSION = YES;
				CLANG_WARN_OBJC_IMPLICIT_RETAIN_SELF = YES;
				CLANG_WARN_OBJC_LITERAL_CONVERSION = YES;
				CLANG_WARN_OBJC_ROOT_CLASS = YES_ERROR;
				CLANG_WARN_QUOTED_INCLUDE_IN_FRAMEWORK_HEADER = YES;
				CLANG_WARN_RANGE_LOOP_ANALYSIS = YES;
				CLANG_WARN_STRICT_PROTOTYPES = YES;
				CLANG_WARN_SUSPICIOUS_MOVE = YES;
				CLANG_WARN_UNGUARDED_AVAILABILITY = YES_AGGRESSIVE;
				CLANG_WARN_UNREACHABLE_CODE = YES;
				CLANG_WARN__DUPLICATE_METHOD_MATCH = YES;
				COPY_PHASE_STRIP = NO;
				DEBUG_INFORMATION_FORMAT = dwarf;
				ENABLE_STRICT_OBJC_MSGSEND = YES;
				ENABLE_TESTABILITY = YES;
				GCC_C_LANGUAGE_STANDARD = gnu11;
				GCC_DYNAMIC_NO_PIC = NO;
				GCC_NO_COMMON_BLOCKS = YES;
				GCC_OPTIMIZATION_LEVEL = 0;
				GCC_PREPROCESSOR_DEFINITIONS = (
					"DEBUG=1",
					"$(inherited)",
				);
				GCC_WARN_64_TO_32_BIT_CONVERSION = YES;
				GCC_WARN_ABOUT_RETURN_TYPE = YES_ERROR;
				GCC_WARN_UNDECLARED_SELECTOR = YES;
				GCC_WARN_UNINITIALIZED_AUTOS = YES_AGGRESSIVE;
				GCC_WARN_UNUSED_FUNCTION = YES;
				GCC_WARN_UNUSED_VARIABLE = YES;
				IPHONEOS_DEPLOYMENT_TARGET = 15.4;
				MTL_ENABLE_DEBUG_INFO = INCLUDE_SOURCE;
				MTL_FAST_MATH = YES;
				ONLY_ACTIVE_ARCH = YES;
				SDKROOT = iphoneos;
				SWIFT_ACTIVE_COMPILATION_CONDITIONS = DEBUG;
				SWIFT_OPTIMIZATION_LEVEL = "-Onone";
			};
			name = Debug;
		};
		23CFD60B2814380300FE6054 /* Release */ = {
			isa = XCBuildConfiguration;
			buildSettings = {
				ALWAYS_SEARCH_USER_PATHS = NO;
				CLANG_ANALYZER_NONNULL = YES;
				CLANG_ANALYZER_NUMBER_OBJECT_CONVERSION = YES_AGGRESSIVE;
				CLANG_CXX_LANGUAGE_STANDARD = "gnu++17";
				CLANG_ENABLE_MODULES = YES;
				CLANG_ENABLE_OBJC_ARC = YES;
				CLANG_ENABLE_OBJC_WEAK = YES;
				CLANG_WARN_BLOCK_CAPTURE_AUTORELEASING = YES;
				CLANG_WARN_BOOL_CONVERSION = YES;
				CLANG_WARN_COMMA = YES;
				CLANG_WARN_CONSTANT_CONVERSION = YES;
				CLANG_WARN_DEPRECATED_OBJC_IMPLEMENTATIONS = YES;
				CLANG_WARN_DIRECT_OBJC_ISA_USAGE = YES_ERROR;
				CLANG_WARN_DOCUMENTATION_COMMENTS = YES;
				CLANG_WARN_EMPTY_BODY = YES;
				CLANG_WARN_ENUM_CONVERSION = YES;
				CLANG_WARN_INFINITE_RECURSION = YES;
				CLANG_WARN_INT_CONVERSION = YES;
				CLANG_WARN_NON_LITERAL_NULL_CONVERSION = YES;
				CLANG_WARN_OBJC_IMPLICIT_RETAIN_SELF = YES;
				CLANG_WARN_OBJC_LITERAL_CONVERSION = YES;
				CLANG_WARN_OBJC_ROOT_CLASS = YES_ERROR;
				CLANG_WARN_QUOTED_INCLUDE_IN_FRAMEWORK_HEADER = YES;
				CLANG_WARN_RANGE_LOOP_ANALYSIS = YES;
				CLANG_WARN_STRICT_PROTOTYPES = YES;
				CLANG_WARN_SUSPICIOUS_MOVE = YES;
				CLANG_WARN_UNGUARDED_AVAILABILITY = YES_AGGRESSIVE;
				CLANG_WARN_UNREACHABLE_CODE = YES;
				CLANG_WARN__DUPLICATE_METHOD_MATCH = YES;
				COPY_PHASE_STRIP = NO;
				DEBUG_INFORMATION_FORMAT = "dwarf-with-dsym";
				ENABLE_NS_ASSERTIONS = NO;
				ENABLE_STRICT_OBJC_MSGSEND = YES;
				GCC_C_LANGUAGE_STANDARD = gnu11;
				GCC_NO_COMMON_BLOCKS = YES;
				GCC_WARN_64_TO_32_BIT_CONVERSION = YES;
				GCC_WARN_ABOUT_RETURN_TYPE = YES_ERROR;
				GCC_WARN_UNDECLARED_SELECTOR = YES;
				GCC_WARN_UNINITIALIZED_AUTOS = YES_AGGRESSIVE;
				GCC_WARN_UNUSED_FUNCTION = YES;
				GCC_WARN_UNUSED_VARIABLE = YES;
				IPHONEOS_DEPLOYMENT_TARGET = 15.4;
				MTL_ENABLE_DEBUG_INFO = NO;
				MTL_FAST_MATH = YES;
				SDKROOT = iphoneos;
				SWIFT_COMPILATION_MODE = wholemodule;
				SWIFT_OPTIMIZATION_LEVEL = "-O";
				VALIDATE_PRODUCT = YES;
			};
			name = Release;
		};
		23CFD60D2814380300FE6054 /* Debug */ = {
			isa = XCBuildConfiguration;
			buildSettings = {
				ASSETCATALOG_COMPILER_APPICON_NAME = AppIcon;
				ASSETCATALOG_COMPILER_GLOBAL_ACCENT_COLOR_NAME = AccentColor;
				CODE_SIGN_STYLE = Automatic;
				CURRENT_PROJECT_VERSION = 1;
				DEVELOPMENT_ASSET_PATHS = "\"DogGram/Preview Content\"";
				DEVELOPMENT_TEAM = X37S278753;
				ENABLE_PREVIEWS = YES;
				GENERATE_INFOPLIST_FILE = YES;
				INFOPLIST_KEY_UIApplicationSceneManifest_Generation = YES;
				INFOPLIST_KEY_UIApplicationSupportsIndirectInputEvents = YES;
				INFOPLIST_KEY_UILaunchScreen_Generation = YES;
				INFOPLIST_KEY_UILaunchStoryboardName = LaunchScreen;
				INFOPLIST_KEY_UISupportedInterfaceOrientations = UIInterfaceOrientationPortrait;
				INFOPLIST_KEY_UISupportedInterfaceOrientations_iPad = "UIInterfaceOrientationPortrait UIInterfaceOrientationPortraitUpsideDown UIInterfaceOrientationLandscapeLeft UIInterfaceOrientationLandscapeRight";
				INFOPLIST_KEY_UISupportedInterfaceOrientations_iPhone = "UIInterfaceOrientationPortrait UIInterfaceOrientationLandscapeLeft UIInterfaceOrientationLandscapeRight";
				LD_RUNPATH_SEARCH_PATHS = (
					"$(inherited)",
					"@executable_path/Frameworks",
				);
				MARKETING_VERSION = 1.0;
				PRODUCT_BUNDLE_IDENTIFIER = io.mabus.DogGram;
				PRODUCT_NAME = "$(TARGET_NAME)";
				SWIFT_EMIT_LOC_STRINGS = YES;
				SWIFT_VERSION = 5.0;
				TARGETED_DEVICE_FAMILY = 1;
			};
			name = Debug;
		};
		23CFD60E2814380300FE6054 /* Release */ = {
			isa = XCBuildConfiguration;
			buildSettings = {
				ASSETCATALOG_COMPILER_APPICON_NAME = AppIcon;
				ASSETCATALOG_COMPILER_GLOBAL_ACCENT_COLOR_NAME = AccentColor;
				CODE_SIGN_STYLE = Automatic;
				CURRENT_PROJECT_VERSION = 1;
				DEVELOPMENT_ASSET_PATHS = "\"DogGram/Preview Content\"";
				DEVELOPMENT_TEAM = X37S278753;
				ENABLE_PREVIEWS = YES;
				GENERATE_INFOPLIST_FILE = YES;
				INFOPLIST_KEY_UIApplicationSceneManifest_Generation = YES;
				INFOPLIST_KEY_UIApplicationSupportsIndirectInputEvents = YES;
				INFOPLIST_KEY_UILaunchScreen_Generation = YES;
				INFOPLIST_KEY_UILaunchStoryboardName = LaunchScreen;
				INFOPLIST_KEY_UISupportedInterfaceOrientations = UIInterfaceOrientationPortrait;
				INFOPLIST_KEY_UISupportedInterfaceOrientations_iPad = "UIInterfaceOrientationPortrait UIInterfaceOrientationPortraitUpsideDown UIInterfaceOrientationLandscapeLeft UIInterfaceOrientationLandscapeRight";
				INFOPLIST_KEY_UISupportedInterfaceOrientations_iPhone = "UIInterfaceOrientationPortrait UIInterfaceOrientationLandscapeLeft UIInterfaceOrientationLandscapeRight";
				LD_RUNPATH_SEARCH_PATHS = (
					"$(inherited)",
					"@executable_path/Frameworks",
				);
				MARKETING_VERSION = 1.0;
				PRODUCT_BUNDLE_IDENTIFIER = io.mabus.DogGram;
				PRODUCT_NAME = "$(TARGET_NAME)";
				SWIFT_EMIT_LOC_STRINGS = YES;
				SWIFT_VERSION = 5.0;
				TARGETED_DEVICE_FAMILY = 1;
			};
			name = Release;
		};
/* End XCBuildConfiguration section */

/* Begin XCConfigurationList section */
		23CFD5F92814380100FE6054 /* Build configuration list for PBXProject "DogGram" */ = {
			isa = XCConfigurationList;
			buildConfigurations = (
				23CFD60A2814380300FE6054 /* Debug */,
				23CFD60B2814380300FE6054 /* Release */,
			);
			defaultConfigurationIsVisible = 0;
			defaultConfigurationName = Release;
		};
		23CFD60C2814380300FE6054 /* Build configuration list for PBXNativeTarget "DogGram" */ = {
			isa = XCConfigurationList;
			buildConfigurations = (
				23CFD60D2814380300FE6054 /* Debug */,
				23CFD60E2814380300FE6054 /* Release */,
			);
			defaultConfigurationIsVisible = 0;
			defaultConfigurationName = Release;
		};
/* End XCConfigurationList section */
	};
	rootObject = 23CFD5F62814380100FE6054 /* Project object */;
}
